
Microsoft Visual Studio Solution File, Format Version 12.00
# Visual Studio Version 16
VisualStudioVersion = 16.6.30114.105
MinimumVisualStudioVersion = 10.0.40219.1
Project("{FAE04EC0-301F-11D3-BF4B-00C04F79EFBC}") = "Com.Bll", "Com.Bll\Com.Bll.csproj", "{42DCF403-BEE4-4C9C-8573-51A5F0185D5D}"
EndProject
Project("{2150E333-8FDC-42A3-9474-1A3956D46DE8}") = "Api", "Api", "{6147A665-80A5-44EF-BA3D-966E3BE32114}"
EndProject
Project("{FAE04EC0-301F-11D3-BF4B-00C04F79EFBC}") = "Com.Api.Sdk", "Api\Com.Api.Sdk\Com.Api.Sdk.csproj", "{256ECDC0-22AB-44CC-8A40-B915A7BBDAFD}"
EndProject
Project("{FAE04EC0-301F-11D3-BF4B-00C04F79EFBC}") = "Com.Api", "Api\Com.Api\Com.Api.csproj", "{BF384526-1BC2-430F-A4F4-AFACB7C44A03}"
EndProject
Project("{FAE04EC0-301F-11D3-BF4B-00C04F79EFBC}") = "Com.Db", "Com.Db\Com.Db.csproj", "{395A162C-BC09-49D5-86CD-0758CE07DE93}"
EndProject
Project("{FAE04EC0-301F-11D3-BF4B-00C04F79EFBC}") = "Com.Service", "Com.Service\Com.Service.csproj", "{40757D06-768E-4E93-91E2-7B13EE9B603C}"
EndProject
Project("{FAE04EC0-301F-11D3-BF4B-00C04F79EFBC}") = "Com.Admin", "Com.Admin\Com.Admin.csproj", "{8836ACE0-0AC9-4131-B2A0-9013BA8B8C84}"
EndProject
Global
	GlobalSection(SolutionConfigurationPlatforms) = preSolution
		Debug|Any CPU = Debug|Any CPU
		Debug|x64 = Debug|x64
		Debug|x86 = Debug|x86
		Release|Any CPU = Release|Any CPU
		Release|x64 = Release|x64
		Release|x86 = Release|x86
	EndGlobalSection
	GlobalSection(SolutionProperties) = preSolution
		HideSolutionNode = FALSE
	EndGlobalSection
	GlobalSection(ProjectConfigurationPlatforms) = postSolution
		{42DCF403-BEE4-4C9C-8573-51A5F0185D5D}.Debug|Any CPU.ActiveCfg = Debug|Any CPU
		{42DCF403-BEE4-4C9C-8573-51A5F0185D5D}.Debug|Any CPU.Build.0 = Debug|Any CPU
		{42DCF403-BEE4-4C9C-8573-51A5F0185D5D}.Debug|x64.ActiveCfg = Debug|Any CPU
		{42DCF403-BEE4-4C9C-8573-51A5F0185D5D}.Debug|x64.Build.0 = Debug|Any CPU
		{42DCF403-BEE4-4C9C-8573-51A5F0185D5D}.Debug|x86.ActiveCfg = Debug|Any CPU
		{42DCF403-BEE4-4C9C-8573-51A5F0185D5D}.Debug|x86.Build.0 = Debug|Any CPU
		{42DCF403-BEE4-4C9C-8573-51A5F0185D5D}.Release|Any CPU.ActiveCfg = Release|Any CPU
		{42DCF403-BEE4-4C9C-8573-51A5F0185D5D}.Release|Any CPU.Build.0 = Release|Any CPU
		{42DCF403-BEE4-4C9C-8573-51A5F0185D5D}.Release|x64.ActiveCfg = Release|Any CPU
		{42DCF403-BEE4-4C9C-8573-51A5F0185D5D}.Release|x64.Build.0 = Release|Any CPU
		{42DCF403-BEE4-4C9C-8573-51A5F0185D5D}.Release|x86.ActiveCfg = Release|Any CPU
		{42DCF403-BEE4-4C9C-8573-51A5F0185D5D}.Release|x86.Build.0 = Release|Any CPU
		{256ECDC0-22AB-44CC-8A40-B915A7BBDAFD}.Debug|Any CPU.ActiveCfg = Debug|Any CPU
		{256ECDC0-22AB-44CC-8A40-B915A7BBDAFD}.Debug|Any CPU.Build.0 = Debug|Any CPU
		{256ECDC0-22AB-44CC-8A40-B915A7BBDAFD}.Debug|x64.ActiveCfg = Debug|Any CPU
		{256ECDC0-22AB-44CC-8A40-B915A7BBDAFD}.Debug|x64.Build.0 = Debug|Any CPU
		{256ECDC0-22AB-44CC-8A40-B915A7BBDAFD}.Debug|x86.ActiveCfg = Debug|Any CPU
		{256ECDC0-22AB-44CC-8A40-B915A7BBDAFD}.Debug|x86.Build.0 = Debug|Any CPU
		{256ECDC0-22AB-44CC-8A40-B915A7BBDAFD}.Release|Any CPU.ActiveCfg = Release|Any CPU
		{256ECDC0-22AB-44CC-8A40-B915A7BBDAFD}.Release|Any CPU.Build.0 = Release|Any CPU
		{256ECDC0-22AB-44CC-8A40-B915A7BBDAFD}.Release|x64.ActiveCfg = Release|Any CPU
		{256ECDC0-22AB-44CC-8A40-B915A7BBDAFD}.Release|x64.Build.0 = Release|Any CPU
		{256ECDC0-22AB-44CC-8A40-B915A7BBDAFD}.Release|x86.ActiveCfg = Release|Any CPU
		{256ECDC0-22AB-44CC-8A40-B915A7BBDAFD}.Release|x86.Build.0 = Release|Any CPU
		{BF384526-1BC2-430F-A4F4-AFACB7C44A03}.Debug|Any CPU.ActiveCfg = Debug|Any CPU
		{BF384526-1BC2-430F-A4F4-AFACB7C44A03}.Debug|Any CPU.Build.0 = Debug|Any CPU
		{BF384526-1BC2-430F-A4F4-AFACB7C44A03}.Debug|x64.ActiveCfg = Debug|Any CPU
		{BF384526-1BC2-430F-A4F4-AFACB7C44A03}.Debug|x64.Build.0 = Debug|Any CPU
		{BF384526-1BC2-430F-A4F4-AFACB7C44A03}.Debug|x86.ActiveCfg = Debug|Any CPU
		{BF384526-1BC2-430F-A4F4-AFACB7C44A03}.Debug|x86.Build.0 = Debug|Any CPU
		{BF384526-1BC2-430F-A4F4-AFACB7C44A03}.Release|Any CPU.ActiveCfg = Release|Any CPU
		{BF384526-1BC2-430F-A4F4-AFACB7C44A03}.Release|Any CPU.Build.0 = Release|Any CPU
		{BF384526-1BC2-430F-A4F4-AFACB7C44A03}.Release|x64.ActiveCfg = Release|Any CPU
		{BF384526-1BC2-430F-A4F4-AFACB7C44A03}.Release|x64.Build.0 = Release|Any CPU
		{BF384526-1BC2-430F-A4F4-AFACB7C44A03}.Release|x86.ActiveCfg = Release|Any CPU
		{BF384526-1BC2-430F-A4F4-AFACB7C44A03}.Release|x86.Build.0 = Release|Any CPU
		{395A162C-BC09-49D5-86CD-0758CE07DE93}.Debug|Any CPU.ActiveCfg = Debug|Any CPU
		{395A162C-BC09-49D5-86CD-0758CE07DE93}.Debug|Any CPU.Build.0 = Debug|Any CPU
		{395A162C-BC09-49D5-86CD-0758CE07DE93}.Debug|x64.ActiveCfg = Debug|Any CPU
		{395A162C-BC09-49D5-86CD-0758CE07DE93}.Debug|x64.Build.0 = Debug|Any CPU
		{395A162C-BC09-49D5-86CD-0758CE07DE93}.Debug|x86.ActiveCfg = Debug|Any CPU
		{395A162C-BC09-49D5-86CD-0758CE07DE93}.Debug|x86.Build.0 = Debug|Any CPU
		{395A162C-BC09-49D5-86CD-0758CE07DE93}.Release|Any CPU.ActiveCfg = Release|Any CPU
		{395A162C-BC09-49D5-86CD-0758CE07DE93}.Release|Any CPU.Build.0 = Release|Any CPU
		{395A162C-BC09-49D5-86CD-0758CE07DE93}.Release|x64.ActiveCfg = Release|Any CPU
		{395A162C-BC09-49D5-86CD-0758CE07DE93}.Release|x64.Build.0 = Release|Any CPU
		{395A162C-BC09-49D5-86CD-0758CE07DE93}.Release|x86.ActiveCfg = Release|Any CPU
		{395A162C-BC09-49D5-86CD-0758CE07DE93}.Release|x86.Build.0 = Release|Any CPU
		{40757D06-768E-4E93-91E2-7B13EE9B603C}.Debug|Any CPU.ActiveCfg = Debug|Any CPU
		{40757D06-768E-4E93-91E2-7B13EE9B603C}.Debug|Any CPU.Build.0 = Debug|Any CPU
		{40757D06-768E-4E93-91E2-7B13EE9B603C}.Debug|x64.ActiveCfg = Debug|Any CPU
		{40757D06-768E-4E93-91E2-7B13EE9B603C}.Debug|x64.Build.0 = Debug|Any CPU
		{40757D06-768E-4E93-91E2-7B13EE9B603C}.Debug|x86.ActiveCfg = Debug|Any CPU
		{40757D06-768E-4E93-91E2-7B13EE9B603C}.Debug|x86.Build.0 = Debug|Any CPU
		{40757D06-768E-4E93-91E2-7B13EE9B603C}.Release|Any CPU.ActiveCfg = Release|Any CPU
		{40757D06-768E-4E93-91E2-7B13EE9B603C}.Release|Any CPU.Build.0 = Release|Any CPU
		{40757D06-768E-4E93-91E2-7B13EE9B603C}.Release|x64.ActiveCfg = Release|Any CPU
		{40757D06-768E-4E93-91E2-7B13EE9B603C}.Release|x64.Build.0 = Release|Any CPU
		{40757D06-768E-4E93-91E2-7B13EE9B603C}.Release|x86.ActiveCfg = Release|Any CPU
		{40757D06-768E-4E93-91E2-7B13EE9B603C}.Release|x86.Build.0 = Release|Any CPU
		{8836ACE0-0AC9-4131-B2A0-9013BA8B8C84}.Debug|Any CPU.ActiveCfg = Debug|Any CPU
		{8836ACE0-0AC9-4131-B2A0-9013BA8B8C84}.Debug|Any CPU.Build.0 = Debug|Any CPU
		{8836ACE0-0AC9-4131-B2A0-9013BA8B8C84}.Debug|x64.ActiveCfg = Debug|Any CPU
		{8836ACE0-0AC9-4131-B2A0-9013BA8B8C84}.Debug|x64.Build.0 = Debug|Any CPU
		{8836ACE0-0AC9-4131-B2A0-9013BA8B8C84}.Debug|x86.ActiveCfg = Debug|Any CPU
		{8836ACE0-0AC9-4131-B2A0-9013BA8B8C84}.Debug|x86.Build.0 = Debug|Any CPU
		{8836ACE0-0AC9-4131-B2A0-9013BA8B8C84}.Release|Any CPU.ActiveCfg = Release|Any CPU
		{8836ACE0-0AC9-4131-B2A0-9013BA8B8C84}.Release|Any CPU.Build.0 = Release|Any CPU
		{8836ACE0-0AC9-4131-B2A0-9013BA8B8C84}.Release|x64.ActiveCfg = Release|Any CPU
		{8836ACE0-0AC9-4131-B2A0-9013BA8B8C84}.Release|x64.Build.0 = Release|Any CPU
		{8836ACE0-0AC9-4131-B2A0-9013BA8B8C84}.Release|x86.ActiveCfg = Release|Any CPU
		{8836ACE0-0AC9-4131-B2A0-9013BA8B8C84}.Release|x86.Build.0 = Release|Any CPU
	EndGlobalSection
	GlobalSection(NestedProjects) = preSolution
		{256ECDC0-22AB-44CC-8A40-B915A7BBDAFD} = {6147A665-80A5-44EF-BA3D-966E3BE32114}
		{BF384526-1BC2-430F-A4F4-AFACB7C44A03} = {6147A665-80A5-44EF-BA3D-966E3BE32114}
	EndGlobalSection
EndGlobal
