
Microsoft Visual Studio Solution File, Format Version 12.00
# Visual Studio Version 16
VisualStudioVersion = 16.6.30114.105
MinimumVisualStudioVersion = 10.0.40219.1
Project("{FAE04EC0-301F-11D3-BF4B-00C04F79EFBC}") = "Com.Bll", "Com.Bll\Com.Bll.csproj", "{42DCF403-BEE4-4C9C-8573-51A5F0185D5D}"
EndProject
Project("{FAE04EC0-301F-11D3-BF4B-00C04F79EFBC}") = "Com.Db", "Com.Db\Com.Db.csproj", "{395A162C-BC09-49D5-86CD-0758CE07DE93}"
EndProject
Project("{FAE04EC0-301F-11D3-BF4B-00C04F79EFBC}") = "Com.Service", "Com.Service\Com.Service.csproj", "{40757D06-768E-4E93-91E2-7B13EE9B603C}"
EndProject
Project("{FAE04EC0-301F-11D3-BF4B-00C04F79EFBC}") = "Com.Api.Sdk", "Com.Api.Sdk\Com.Api.Sdk.csproj", "{16530458-F07D-4F0F-952D-9A6446151AC1}"
EndProject
Project("{FAE04EC0-301F-11D3-BF4B-00C04F79EFBC}") = "Com.Api", "Com.Api\Com.Api.csproj", "{C4C6CBA1-56DA-4013-9F35-30FFA08FA4A4}"
EndProject
Global
	GlobalSection(SolutionConfigurationPlatforms) = preSolution
		Debug|Any CPU = Debug|Any CPU
		Debug|x64 = Debug|x64
		Debug|x86 = Debug|x86
		Release|Any CPU = Release|Any CPU
		Release|x64 = Release|x64
		Release|x86 = Release|x86
	EndGlobalSection
	GlobalSection(SolutionProperties) = preSolution
		HideSolutionNode = FALSE
	EndGlobalSection
	GlobalSection(ProjectConfigurationPlatforms) = postSolution
		{42DCF403-BEE4-4C9C-8573-51A5F0185D5D}.Debug|Any CPU.ActiveCfg = Debug|Any CPU
		{42DCF403-BEE4-4C9C-8573-51A5F0185D5D}.Debug|Any CPU.Build.0 = Debug|Any CPU
		{42DCF403-BEE4-4C9C-8573-51A5F0185D5D}.Debug|x64.ActiveCfg = Debug|Any CPU
		{42DCF403-BEE4-4C9C-8573-51A5F0185D5D}.Debug|x64.Build.0 = Debug|Any CPU
		{42DCF403-BEE4-4C9C-8573-51A5F0185D5D}.Debug|x86.ActiveCfg = Debug|Any CPU
		{42DCF403-BEE4-4C9C-8573-51A5F0185D5D}.Debug|x86.Build.0 = Debug|Any CPU
		{42DCF403-BEE4-4C9C-8573-51A5F0185D5D}.Release|Any CPU.ActiveCfg = Release|Any CPU
		{42DCF403-BEE4-4C9C-8573-51A5F0185D5D}.Release|Any CPU.Build.0 = Release|Any CPU
		{42DCF403-BEE4-4C9C-8573-51A5F0185D5D}.Release|x64.ActiveCfg = Release|Any CPU
		{42DCF403-BEE4-4C9C-8573-51A5F0185D5D}.Release|x64.Build.0 = Release|Any CPU
		{42DCF403-BEE4-4C9C-8573-51A5F0185D5D}.Release|x86.ActiveCfg = Release|Any CPU
		{42DCF403-BEE4-4C9C-8573-51A5F0185D5D}.Release|x86.Build.0 = Release|Any CPU
		{395A162C-BC09-49D5-86CD-0758CE07DE93}.Debug|Any CPU.ActiveCfg = Debug|Any CPU
		{395A162C-BC09-49D5-86CD-0758CE07DE93}.Debug|Any CPU.Build.0 = Debug|Any CPU
		{395A162C-BC09-49D5-86CD-0758CE07DE93}.Debug|x64.ActiveCfg = Debug|Any CPU
		{395A162C-BC09-49D5-86CD-0758CE07DE93}.Debug|x64.Build.0 = Debug|Any CPU
		{395A162C-BC09-49D5-86CD-0758CE07DE93}.Debug|x86.ActiveCfg = Debug|Any CPU
		{395A162C-BC09-49D5-86CD-0758CE07DE93}.Debug|x86.Build.0 = Debug|Any CPU
		{395A162C-BC09-49D5-86CD-0758CE07DE93}.Release|Any CPU.ActiveCfg = Release|Any CPU
		{395A162C-BC09-49D5-86CD-0758CE07DE93}.Release|Any CPU.Build.0 = Release|Any CPU
		{395A162C-BC09-49D5-86CD-0758CE07DE93}.Release|x64.ActiveCfg = Release|Any CPU
		{395A162C-BC09-49D5-86CD-0758CE07DE93}.Release|x64.Build.0 = Release|Any CPU
		{395A162C-BC09-49D5-86CD-0758CE07DE93}.Release|x86.ActiveCfg = Release|Any CPU
		{395A162C-BC09-49D5-86CD-0758CE07DE93}.Release|x86.Build.0 = Release|Any CPU
		{40757D06-768E-4E93-91E2-7B13EE9B603C}.Debug|Any CPU.ActiveCfg = Debug|Any CPU
		{40757D06-768E-4E93-91E2-7B13EE9B603C}.Debug|Any CPU.Build.0 = Debug|Any CPU
		{40757D06-768E-4E93-91E2-7B13EE9B603C}.Debug|x64.ActiveCfg = Debug|Any CPU
		{40757D06-768E-4E93-91E2-7B13EE9B603C}.Debug|x64.Build.0 = Debug|Any CPU
		{40757D06-768E-4E93-91E2-7B13EE9B603C}.Debug|x86.ActiveCfg = Debug|Any CPU
		{40757D06-768E-4E93-91E2-7B13EE9B603C}.Debug|x86.Build.0 = Debug|Any CPU
		{40757D06-768E-4E93-91E2-7B13EE9B603C}.Release|Any CPU.ActiveCfg = Release|Any CPU
		{40757D06-768E-4E93-91E2-7B13EE9B603C}.Release|Any CPU.Build.0 = Release|Any CPU
		{40757D06-768E-4E93-91E2-7B13EE9B603C}.Release|x64.ActiveCfg = Release|Any CPU
		{40757D06-768E-4E93-91E2-7B13EE9B603C}.Release|x64.Build.0 = Release|Any CPU
		{40757D06-768E-4E93-91E2-7B13EE9B603C}.Release|x86.ActiveCfg = Release|Any CPU
		{40757D06-768E-4E93-91E2-7B13EE9B603C}.Release|x86.Build.0 = Release|Any CPU
		{16530458-F07D-4F0F-952D-9A6446151AC1}.Debug|Any CPU.ActiveCfg = Debug|Any CPU
		{16530458-F07D-4F0F-952D-9A6446151AC1}.Debug|Any CPU.Build.0 = Debug|Any CPU
		{16530458-F07D-4F0F-952D-9A6446151AC1}.Debug|x64.ActiveCfg = Debug|Any CPU
		{16530458-F07D-4F0F-952D-9A6446151AC1}.Debug|x64.Build.0 = Debug|Any CPU
		{16530458-F07D-4F0F-952D-9A6446151AC1}.Debug|x86.ActiveCfg = Debug|Any CPU
		{16530458-F07D-4F0F-952D-9A6446151AC1}.Debug|x86.Build.0 = Debug|Any CPU
		{16530458-F07D-4F0F-952D-9A6446151AC1}.Release|Any CPU.ActiveCfg = Release|Any CPU
		{16530458-F07D-4F0F-952D-9A6446151AC1}.Release|Any CPU.Build.0 = Release|Any CPU
		{16530458-F07D-4F0F-952D-9A6446151AC1}.Release|x64.ActiveCfg = Release|Any CPU
		{16530458-F07D-4F0F-952D-9A6446151AC1}.Release|x64.Build.0 = Release|Any CPU
		{16530458-F07D-4F0F-952D-9A6446151AC1}.Release|x86.ActiveCfg = Release|Any CPU
		{16530458-F07D-4F0F-952D-9A6446151AC1}.Release|x86.Build.0 = Release|Any CPU
		{C4C6CBA1-56DA-4013-9F35-30FFA08FA4A4}.Debug|Any CPU.ActiveCfg = Debug|Any CPU
		{C4C6CBA1-56DA-4013-9F35-30FFA08FA4A4}.Debug|Any CPU.Build.0 = Debug|Any CPU
		{C4C6CBA1-56DA-4013-9F35-30FFA08FA4A4}.Debug|x64.ActiveCfg = Debug|Any CPU
		{C4C6CBA1-56DA-4013-9F35-30FFA08FA4A4}.Debug|x64.Build.0 = Debug|Any CPU
		{C4C6CBA1-56DA-4013-9F35-30FFA08FA4A4}.Debug|x86.ActiveCfg = Debug|Any CPU
		{C4C6CBA1-56DA-4013-9F35-30FFA08FA4A4}.Debug|x86.Build.0 = Debug|Any CPU
		{C4C6CBA1-56DA-4013-9F35-30FFA08FA4A4}.Release|Any CPU.ActiveCfg = Release|Any CPU
		{C4C6CBA1-56DA-4013-9F35-30FFA08FA4A4}.Release|Any CPU.Build.0 = Release|Any CPU
		{C4C6CBA1-56DA-4013-9F35-30FFA08FA4A4}.Release|x64.ActiveCfg = Release|Any CPU
		{C4C6CBA1-56DA-4013-9F35-30FFA08FA4A4}.Release|x64.Build.0 = Release|Any CPU
		{C4C6CBA1-56DA-4013-9F35-30FFA08FA4A4}.Release|x86.ActiveCfg = Release|Any CPU
		{C4C6CBA1-56DA-4013-9F35-30FFA08FA4A4}.Release|x86.Build.0 = Release|Any CPU
	EndGlobalSection
EndGlobal
